
Microsoft Visual Studio Solution File, Format Version 12.00
# Visual Studio Version 17
VisualStudioVersion = 17.8.34330.188
MinimumVisualStudioVersion = 10.0.40219.1
Project("{FAE04EC0-301F-11D3-BF4B-00C04F79EFBC}") = "studentdata", "studentdata\studentdata.csproj", "{871473A2-D0A8-494A-B43D-79F92B3636B6}"
EndProject
Global
	GlobalSection(SolutionConfigurationPlatforms) = preSolution
		Debug|Any CPU = Debug|Any CPU
		Release|Any CPU = Release|Any CPU
	EndGlobalSection
	GlobalSection(ProjectConfigurationPlatforms) = postSolution
		{871473A2-D0A8-494A-B43D-79F92B3636B6}.Debug|Any CPU.ActiveCfg = Debug|Any CPU
		{871473A2-D0A8-494A-B43D-79F92B3636B6}.Debug|Any CPU.Build.0 = Debug|Any CPU
		{871473A2-D0A8-494A-B43D-79F92B3636B6}.Release|Any CPU.ActiveCfg = Release|Any CPU
		{871473A2-D0A8-494A-B43D-79F92B3636B6}.Release|Any CPU.Build.0 = Release|Any CPU
	EndGlobalSection
	GlobalSection(SolutionProperties) = preSolution
		HideSolutionNode = FALSE
	EndGlobalSection
	GlobalSection(ExtensibilityGlobals) = postSolution
		SolutionGuid = {EEA89FA8-4FC7-476C-94C1-BD3D5B58D3AB}
	EndGlobalSection
EndGlobal
